// !$*UTF8*$!
{
	archiveVersion = 1;
	classes = {
	};
	objectVersion = 46;
	objects = {

/* Begin PBXBuildFile section */
		B84639F3160A6E880008F319 /* IPInsetLabel.m in Sources */ = {isa = PBXBuildFile; fileRef = B84639F2160A6E880008F319 /* IPInsetLabel.m */; };
		B84643121614BF9A0009B02B /* Default-568h@2x.png in Resources */ = {isa = PBXBuildFile; fileRef = B84643111614BF9A0009B02B /* Default-568h@2x.png */; };
		B8CC3EAF160A208900EA7022 /* UIKit.framework in Frameworks */ = {isa = PBXBuildFile; fileRef = B8CC3EAE160A208900EA7022 /* UIKit.framework */; };
		B8CC3EB1160A208900EA7022 /* Foundation.framework in Frameworks */ = {isa = PBXBuildFile; fileRef = B8CC3EB0160A208900EA7022 /* Foundation.framework */; };
		B8CC3EB3160A208900EA7022 /* CoreGraphics.framework in Frameworks */ = {isa = PBXBuildFile; fileRef = B8CC3EB2160A208900EA7022 /* CoreGraphics.framework */; };
		B8CC3EB9160A208900EA7022 /* InfoPlist.strings in Resources */ = {isa = PBXBuildFile; fileRef = B8CC3EB7160A208900EA7022 /* InfoPlist.strings */; };
		B8CC3EBB160A208900EA7022 /* main.m in Sources */ = {isa = PBXBuildFile; fileRef = B8CC3EBA160A208900EA7022 /* main.m */; };
		B8CC3EBF160A208900EA7022 /* AppDelegate.m in Sources */ = {isa = PBXBuildFile; fileRef = B8CC3EBE160A208900EA7022 /* AppDelegate.m */; };
		B8CC3EDC160A20FF00EA7022 /* ARController.m in Sources */ = {isa = PBXBuildFile; fileRef = B8CC3ED1160A20FF00EA7022 /* ARController.m */; };
		B8CC3EDD160A20FF00EA7022 /* ARCoordinate.m in Sources */ = {isa = PBXBuildFile; fileRef = B8CC3ED4160A20FF00EA7022 /* ARCoordinate.m */; };
		B8CC3EDE160A20FF00EA7022 /* ARGeoCoordinate.m in Sources */ = {isa = PBXBuildFile; fileRef = B8CC3ED6160A20FF00EA7022 /* ARGeoCoordinate.m */; };
		B8CC3EDF160A20FF00EA7022 /* ARKit.m in Sources */ = {isa = PBXBuildFile; fileRef = B8CC3ED8160A20FF00EA7022 /* ARKit.m */; };
		B8CC3EE0160A20FF00EA7022 /* ARMarkerView.m in Sources */ = {isa = PBXBuildFile; fileRef = B8CC3EDA160A20FF00EA7022 /* ARMarkerView.m */; };
		B8CC3EEC160A211F00EA7022 /* MainStoryboard.storyboard in Resources */ = {isa = PBXBuildFile; fileRef = B8CC3EE1160A211F00EA7022 /* MainStoryboard.storyboard */; };
		B8CC3EED160A211F00EA7022 /* ViewController.m in Sources */ = {isa = PBXBuildFile; fileRef = B8CC3EE3160A211F00EA7022 /* ViewController.m */; };
		B8CC3EEE160A211F00EA7022 /* MyARViewController.m in Sources */ = {isa = PBXBuildFile; fileRef = B8CC3EE5160A211F00EA7022 /* MyARViewController.m */; };
		B8CC3EEF160A211F00EA7022 /* MyARViewController.xib in Resources */ = {isa = PBXBuildFile; fileRef = B8CC3EE6160A211F00EA7022 /* MyARViewController.xib */; };
		B8CC3EF0160A211F00EA7022 /* MyMarkerView.m in Sources */ = {isa = PBXBuildFile; fileRef = B8CC3EE8160A211F00EA7022 /* MyMarkerView.m */; };
		B8CC3EF1160A211F00EA7022 /* OverlayView.m in Sources */ = {isa = PBXBuildFile; fileRef = B8CC3EEA160A211F00EA7022 /* OverlayView.m */; };
		B8CC3EF2160A211F00EA7022 /* OverlayView.xib in Resources */ = {isa = PBXBuildFile; fileRef = B8CC3EEB160A211F00EA7022 /* OverlayView.xib */; };
		B8CC3EF5160A213500EA7022 /* crosshairs.png in Resources */ = {isa = PBXBuildFile; fileRef = B8CC3EF4160A213500EA7022 /* crosshairs.png */; };
		B8CC3EFB160A217D00EA7022 /* AVFoundation.framework in Frameworks */ = {isa = PBXBuildFile; fileRef = B8CC3EF6160A217D00EA7022 /* AVFoundation.framework */; };
		B8CC3EFC160A217D00EA7022 /* CoreLocation.framework in Frameworks */ = {isa = PBXBuildFile; fileRef = B8CC3EF7160A217D00EA7022 /* CoreLocation.framework */; };
		B8CC3EFD160A217D00EA7022 /* MapKit.framework in Frameworks */ = {isa = PBXBuildFile; fileRef = B8CC3EF8160A217D00EA7022 /* MapKit.framework */; };
		B8CC3EFE160A217D00EA7022 /* MediaPlayer.framework in Frameworks */ = {isa = PBXBuildFile; fileRef = B8CC3EF9160A217D00EA7022 /* MediaPlayer.framework */; };
		B8CC3EFF160A217D00EA7022 /* QuartzCore.framework in Frameworks */ = {isa = PBXBuildFile; fileRef = B8CC3EFA160A217D00EA7022 /* QuartzCore.framework */; };
/* End PBXBuildFile section */

/* Begin PBXFileReference section */
		B84639F1160A6E880008F319 /* IPInsetLabel.h */ = {isa = PBXFileReference; fileEncoding = 4; lastKnownFileType = sourcecode.c.h; path = IPInsetLabel.h; sourceTree = "<group>"; };
		B84639F2160A6E880008F319 /* IPInsetLabel.m */ = {isa = PBXFileReference; fileEncoding = 4; lastKnownFileType = sourcecode.c.objc; path = IPInsetLabel.m; sourceTree = "<group>"; };
		B84643111614BF9A0009B02B /* Default-568h@2x.png */ = {isa = PBXFileReference; lastKnownFileType = image.png; name = "Default-568h@2x.png"; path = "../Default-568h@2x.png"; sourceTree = "<group>"; };
		B8CC3EAA160A208900EA7022 /* ARKitDemo2.app */ = {isa = PBXFileReference; explicitFileType = wrapper.application; includeInIndex = 0; path = ARKitDemo2.app; sourceTree = BUILT_PRODUCTS_DIR; };
		B8CC3EAE160A208900EA7022 /* UIKit.framework */ = {isa = PBXFileReference; lastKnownFileType = wrapper.framework; name = UIKit.framework; path = System/Library/Frameworks/UIKit.framework; sourceTree = SDKROOT; };
		B8CC3EB0160A208900EA7022 /* Foundation.framework */ = {isa = PBXFileReference; lastKnownFileType = wrapper.framework; name = Foundation.framework; path = System/Library/Frameworks/Foundation.framework; sourceTree = SDKROOT; };
		B8CC3EB2160A208900EA7022 /* CoreGraphics.framework */ = {isa = PBXFileReference; lastKnownFileType = wrapper.framework; name = CoreGraphics.framework; path = System/Library/Frameworks/CoreGraphics.framework; sourceTree = SDKROOT; };
		B8CC3EB6160A208900EA7022 /* ARKitDemo2-Info.plist */ = {isa = PBXFileReference; lastKnownFileType = text.plist.xml; path = "ARKitDemo2-Info.plist"; sourceTree = "<group>"; };
		B8CC3EB8160A208900EA7022 /* en */ = {isa = PBXFileReference; lastKnownFileType = text.plist.strings; name = en; path = en.lproj/InfoPlist.strings; sourceTree = "<group>"; };
		B8CC3EBA160A208900EA7022 /* main.m */ = {isa = PBXFileReference; lastKnownFileType = sourcecode.c.objc; path = main.m; sourceTree = "<group>"; };
		B8CC3EBC160A208900EA7022 /* ARKitDemo2-Prefix.pch */ = {isa = PBXFileReference; lastKnownFileType = sourcecode.c.h; path = "ARKitDemo2-Prefix.pch"; sourceTree = "<group>"; };
		B8CC3EBD160A208900EA7022 /* AppDelegate.h */ = {isa = PBXFileReference; lastKnownFileType = sourcecode.c.h; path = AppDelegate.h; sourceTree = "<group>"; };
		B8CC3EBE160A208900EA7022 /* AppDelegate.m */ = {isa = PBXFileReference; lastKnownFileType = sourcecode.c.objc; path = AppDelegate.m; sourceTree = "<group>"; };
		B8CC3ED0160A20FF00EA7022 /* ARController.h */ = {isa = PBXFileReference; fileEncoding = 4; lastKnownFileType = sourcecode.c.h; name = ARController.h; path = ../ARKit/ARController.h; sourceTree = "<group>"; };
		B8CC3ED1160A20FF00EA7022 /* ARController.m */ = {isa = PBXFileReference; fileEncoding = 4; lastKnownFileType = sourcecode.c.objc; name = ARController.m; path = ../ARKit/ARController.m; sourceTree = "<group>"; };
		B8CC3ED2160A20FF00EA7022 /* ARControllerDelegate.h */ = {isa = PBXFileReference; fileEncoding = 4; lastKnownFileType = sourcecode.c.h; name = ARControllerDelegate.h; path = ../ARKit/ARControllerDelegate.h; sourceTree = "<group>"; };
		B8CC3ED3160A20FF00EA7022 /* ARCoordinate.h */ = {isa = PBXFileReference; fileEncoding = 4; lastKnownFileType = sourcecode.c.h; name = ARCoordinate.h; path = ../ARKit/ARCoordinate.h; sourceTree = "<group>"; };
		B8CC3ED4160A20FF00EA7022 /* ARCoordinate.m */ = {isa = PBXFileReference; fileEncoding = 4; lastKnownFileType = sourcecode.c.objc; name = ARCoordinate.m; path = ../ARKit/ARCoordinate.m; sourceTree = "<group>"; };
		B8CC3ED5160A20FF00EA7022 /* ARGeoCoordinate.h */ = {isa = PBXFileReference; fileEncoding = 4; lastKnownFileType = sourcecode.c.h; name = ARGeoCoordinate.h; path = ../ARKit/ARGeoCoordinate.h; sourceTree = "<group>"; };
		B8CC3ED6160A20FF00EA7022 /* ARGeoCoordinate.m */ = {isa = PBXFileReference; fileEncoding = 4; lastKnownFileType = sourcecode.c.objc; name = ARGeoCoordinate.m; path = ../ARKit/ARGeoCoordinate.m; sourceTree = "<group>"; };
		B8CC3ED7160A20FF00EA7022 /* ARKit.h */ = {isa = PBXFileReference; fileEncoding = 4; lastKnownFileType = sourcecode.c.h; name = ARKit.h; path = ../ARKit/ARKit.h; sourceTree = "<group>"; };
		B8CC3ED8160A20FF00EA7022 /* ARKit.m */ = {isa = PBXFileReference; fileEncoding = 4; lastKnownFileType = sourcecode.c.objc; name = ARKit.m; path = ../ARKit/ARKit.m; sourceTree = "<group>"; };
		B8CC3ED9160A20FF00EA7022 /* ARMarkerView.h */ = {isa = PBXFileReference; fileEncoding = 4; lastKnownFileType = sourcecode.c.h; name = ARMarkerView.h; path = ../ARKit/ARMarkerView.h; sourceTree = "<group>"; };
		B8CC3EDA160A20FF00EA7022 /* ARMarkerView.m */ = {isa = PBXFileReference; fileEncoding = 4; lastKnownFileType = sourcecode.c.objc; name = ARMarkerView.m; path = ../ARKit/ARMarkerView.m; sourceTree = "<group>"; };
		B8CC3EDB160A20FF00EA7022 /* ARMarkerViewDelegate.h */ = {isa = PBXFileReference; fileEncoding = 4; lastKnownFileType = sourcecode.c.h; name = ARMarkerViewDelegate.h; path = ../ARKit/ARMarkerViewDelegate.h; sourceTree = "<group>"; };
		B8CC3EE1160A211F00EA7022 /* MainStoryboard.storyboard */ = {isa = PBXFileReference; fileEncoding = 4; lastKnownFileType = file.storyboard; path = MainStoryboard.storyboard; sourceTree = "<group>"; };
		B8CC3EE2160A211F00EA7022 /* ViewController.h */ = {isa = PBXFileReference; fileEncoding = 4; lastKnownFileType = sourcecode.c.h; path = ViewController.h; sourceTree = "<group>"; };
		B8CC3EE3160A211F00EA7022 /* ViewController.m */ = {isa = PBXFileReference; fileEncoding = 4; lastKnownFileType = sourcecode.c.objc; path = ViewController.m; sourceTree = "<group>"; };
		B8CC3EE4160A211F00EA7022 /* MyARViewController.h */ = {isa = PBXFileReference; fileEncoding = 4; lastKnownFileType = sourcecode.c.h; path = MyARViewController.h; sourceTree = "<group>"; };
		B8CC3EE5160A211F00EA7022 /* MyARViewController.m */ = {isa = PBXFileReference; fileEncoding = 4; lastKnownFileType = sourcecode.c.objc; path = MyARViewController.m; sourceTree = "<group>"; };
		B8CC3EE6160A211F00EA7022 /* MyARViewController.xib */ = {isa = PBXFileReference; fileEncoding = 4; lastKnownFileType = file.xib; path = MyARViewController.xib; sourceTree = "<group>"; };
		B8CC3EE7160A211F00EA7022 /* MyMarkerView.h */ = {isa = PBXFileReference; fileEncoding = 4; lastKnownFileType = sourcecode.c.h; path = MyMarkerView.h; sourceTree = "<group>"; };
		B8CC3EE8160A211F00EA7022 /* MyMarkerView.m */ = {isa = PBXFileReference; fileEncoding = 4; lastKnownFileType = sourcecode.c.objc; path = MyMarkerView.m; sourceTree = "<group>"; };
		B8CC3EE9160A211F00EA7022 /* OverlayView.h */ = {isa = PBXFileReference; fileEncoding = 4; lastKnownFileType = sourcecode.c.h; path = OverlayView.h; sourceTree = "<group>"; };
		B8CC3EEA160A211F00EA7022 /* OverlayView.m */ = {isa = PBXFileReference; fileEncoding = 4; lastKnownFileType = sourcecode.c.objc; path = OverlayView.m; sourceTree = "<group>"; };
		B8CC3EEB160A211F00EA7022 /* OverlayView.xib */ = {isa = PBXFileReference; fileEncoding = 4; lastKnownFileType = file.xib; path = OverlayView.xib; sourceTree = "<group>"; };
		B8CC3EF4160A213500EA7022 /* crosshairs.png */ = {isa = PBXFileReference; lastKnownFileType = image.png; path = crosshairs.png; sourceTree = "<group>"; };
		B8CC3EF6160A217D00EA7022 /* AVFoundation.framework */ = {isa = PBXFileReference; lastKnownFileType = wrapper.framework; name = AVFoundation.framework; path = System/Library/Frameworks/AVFoundation.framework; sourceTree = SDKROOT; };
		B8CC3EF7160A217D00EA7022 /* CoreLocation.framework */ = {isa = PBXFileReference; lastKnownFileType = wrapper.framework; name = CoreLocation.framework; path = System/Library/Frameworks/CoreLocation.framework; sourceTree = SDKROOT; };
		B8CC3EF8160A217D00EA7022 /* MapKit.framework */ = {isa = PBXFileReference; lastKnownFileType = wrapper.framework; name = MapKit.framework; path = System/Library/Frameworks/MapKit.framework; sourceTree = SDKROOT; };
		B8CC3EF9160A217D00EA7022 /* MediaPlayer.framework */ = {isa = PBXFileReference; lastKnownFileType = wrapper.framework; name = MediaPlayer.framework; path = System/Library/Frameworks/MediaPlayer.framework; sourceTree = SDKROOT; };
		B8CC3EFA160A217D00EA7022 /* QuartzCore.framework */ = {isa = PBXFileReference; lastKnownFileType = wrapper.framework; name = QuartzCore.framework; path = System/Library/Frameworks/QuartzCore.framework; sourceTree = SDKROOT; };
/* End PBXFileReference section */

/* Begin PBXFrameworksBuildPhase section */
		B8CC3EA7160A208900EA7022 /* Frameworks */ = {
			isa = PBXFrameworksBuildPhase;
			buildActionMask = 2147483647;
			files = (
				B8CC3EFB160A217D00EA7022 /* AVFoundation.framework in Frameworks */,
				B8CC3EFC160A217D00EA7022 /* CoreLocation.framework in Frameworks */,
				B8CC3EFD160A217D00EA7022 /* MapKit.framework in Frameworks */,
				B8CC3EFE160A217D00EA7022 /* MediaPlayer.framework in Frameworks */,
				B8CC3EFF160A217D00EA7022 /* QuartzCore.framework in Frameworks */,
				B8CC3EAF160A208900EA7022 /* UIKit.framework in Frameworks */,
				B8CC3EB1160A208900EA7022 /* Foundation.framework in Frameworks */,
				B8CC3EB3160A208900EA7022 /* CoreGraphics.framework in Frameworks */,
			);
			runOnlyForDeploymentPostprocessing = 0;
		};
/* End PBXFrameworksBuildPhase section */

/* Begin PBXGroup section */
		B8CC3E9F160A208900EA7022 = {
			isa = PBXGroup;
			children = (
				B8CC3ECF160A20E700EA7022 /* ARKit */,
				B8CC3EB4160A208900EA7022 /* ARKitDemo2 */,
				B8CC3EAD160A208900EA7022 /* Frameworks */,
				B8CC3EAB160A208900EA7022 /* Products */,
			);
			sourceTree = "<group>";
		};
		B8CC3EAB160A208900EA7022 /* Products */ = {
			isa = PBXGroup;
			children = (
				B8CC3EAA160A208900EA7022 /* ARKitDemo2.app */,
			);
			name = Products;
			sourceTree = "<group>";
		};
		B8CC3EAD160A208900EA7022 /* Frameworks */ = {
			isa = PBXGroup;
			children = (
				B8CC3EF6160A217D00EA7022 /* AVFoundation.framework */,
				B8CC3EF7160A217D00EA7022 /* CoreLocation.framework */,
				B8CC3EF8160A217D00EA7022 /* MapKit.framework */,
				B8CC3EF9160A217D00EA7022 /* MediaPlayer.framework */,
				B8CC3EFA160A217D00EA7022 /* QuartzCore.framework */,
				B8CC3EAE160A208900EA7022 /* UIKit.framework */,
				B8CC3EB0160A208900EA7022 /* Foundation.framework */,
				B8CC3EB2160A208900EA7022 /* CoreGraphics.framework */,
			);
			name = Frameworks;
			sourceTree = "<group>";
		};
		B8CC3EB4160A208900EA7022 /* ARKitDemo2 */ = {
			isa = PBXGroup;
			children = (
				B8CC3EBD160A208900EA7022 /* AppDelegate.h */,
				B8CC3EBE160A208900EA7022 /* AppDelegate.m */,
				B8CC3EE1160A211F00EA7022 /* MainStoryboard.storyboard */,
				B8CC3EE2160A211F00EA7022 /* ViewController.h */,
				B8CC3EE3160A211F00EA7022 /* ViewController.m */,
				B8CC3EE4160A211F00EA7022 /* MyARViewController.h */,
				B8CC3EE5160A211F00EA7022 /* MyARViewController.m */,
				B8CC3EE6160A211F00EA7022 /* MyARViewController.xib */,
				B8CC3EE7160A211F00EA7022 /* MyMarkerView.h */,
				B8CC3EE8160A211F00EA7022 /* MyMarkerView.m */,
				B84639F1160A6E880008F319 /* IPInsetLabel.h */,
				B84639F2160A6E880008F319 /* IPInsetLabel.m */,
				B8CC3EE9160A211F00EA7022 /* OverlayView.h */,
				B8CC3EEA160A211F00EA7022 /* OverlayView.m */,
				B8CC3EEB160A211F00EA7022 /* OverlayView.xib */,
				B8CC3EF3160A212700EA7022 /* Resources */,
				B8CC3EB5160A208900EA7022 /* Supporting Files */,
			);
			path = ARKitDemo2;
			sourceTree = "<group>";
		};
		B8CC3EB5160A208900EA7022 /* Supporting Files */ = {
			isa = PBXGroup;
			children = (
				B8CC3EB6160A208900EA7022 /* ARKitDemo2-Info.plist */,
				B8CC3EB7160A208900EA7022 /* InfoPlist.strings */,
				B8CC3EBA160A208900EA7022 /* main.m */,
				B8CC3EBC160A208900EA7022 /* ARKitDemo2-Prefix.pch */,
			);
			name = "Supporting Files";
			sourceTree = "<group>";
		};
		B8CC3ECF160A20E700EA7022 /* ARKit */ = {
			isa = PBXGroup;
			children = (
				B8CC3ED7160A20FF00EA7022 /* ARKit.h */,
				B8CC3ED8160A20FF00EA7022 /* ARKit.m */,
				B8CC3ED0160A20FF00EA7022 /* ARController.h */,
				B8CC3ED1160A20FF00EA7022 /* ARController.m */,
				B8CC3ED2160A20FF00EA7022 /* ARControllerDelegate.h */,
				B8CC3ED3160A20FF00EA7022 /* ARCoordinate.h */,
				B8CC3ED4160A20FF00EA7022 /* ARCoordinate.m */,
				B8CC3ED5160A20FF00EA7022 /* ARGeoCoordinate.h */,
				B8CC3ED6160A20FF00EA7022 /* ARGeoCoordinate.m */,
				B8CC3ED9160A20FF00EA7022 /* ARMarkerView.h */,
				B8CC3EDA160A20FF00EA7022 /* ARMarkerView.m */,
				B8CC3EDB160A20FF00EA7022 /* ARMarkerViewDelegate.h */,
			);
			name = ARKit;
			sourceTree = "<group>";
		};
		B8CC3EF3160A212700EA7022 /* Resources */ = {
			isa = PBXGroup;
			children = (
				B8CC3EF4160A213500EA7022 /* crosshairs.png */,
				B84643111614BF9A0009B02B /* Default-568h@2x.png */,
			);
			name = Resources;
			sourceTree = "<group>";
		};
/* End PBXGroup section */

/* Begin PBXNativeTarget section */
		B8CC3EA9160A208900EA7022 /* ARKitDemo2 */ = {
			isa = PBXNativeTarget;
			buildConfigurationList = B8CC3EC8160A208900EA7022 /* Build configuration list for PBXNativeTarget "ARKitDemo2" */;
			buildPhases = (
				B8CC3EA6160A208900EA7022 /* Sources */,
				B8CC3EA7160A208900EA7022 /* Frameworks */,
				B8CC3EA8160A208900EA7022 /* Resources */,
			);
			buildRules = (
			);
			dependencies = (
			);
			name = ARKitDemo2;
			productName = ARKitDemo2;
			productReference = B8CC3EAA160A208900EA7022 /* ARKitDemo2.app */;
			productType = "com.apple.product-type.application";
		};
/* End PBXNativeTarget section */

/* Begin PBXProject section */
		B8CC3EA1160A208900EA7022 /* Project object */ = {
			isa = PBXProject;
			attributes = {
				LastUpgradeCheck = 0440;
				ORGANIZATIONNAME = "Cocoa Star Apps";
			};
			buildConfigurationList = B8CC3EA4160A208900EA7022 /* Build configuration list for PBXProject "ARKitDemo2" */;
			compatibilityVersion = "Xcode 3.2";
			developmentRegion = English;
			hasScannedForEncodings = 0;
			knownRegions = (
				en,
			);
			mainGroup = B8CC3E9F160A208900EA7022;
			productRefGroup = B8CC3EAB160A208900EA7022 /* Products */;
			projectDirPath = "";
			projectRoot = "";
			targets = (
				B8CC3EA9160A208900EA7022 /* ARKitDemo2 */,
			);
		};
/* End PBXProject section */

/* Begin PBXResourcesBuildPhase section */
		B8CC3EA8160A208900EA7022 /* Resources */ = {
			isa = PBXResourcesBuildPhase;
			buildActionMask = 2147483647;
			files = (
				B8CC3EB9160A208900EA7022 /* InfoPlist.strings in Resources */,
				B8CC3EEC160A211F00EA7022 /* MainStoryboard.storyboard in Resources */,
				B8CC3EEF160A211F00EA7022 /* MyARViewController.xib in Resources */,
				B8CC3EF2160A211F00EA7022 /* OverlayView.xib in Resources */,
				B8CC3EF5160A213500EA7022 /* crosshairs.png in Resources */,
				B84643121614BF9A0009B02B /* Default-568h@2x.png in Resources */,
			);
			runOnlyForDeploymentPostprocessing = 0;
		};
/* End PBXResourcesBuildPhase section */

/* Begin PBXSourcesBuildPhase section */
		B8CC3EA6160A208900EA7022 /* Sources */ = {
			isa = PBXSourcesBuildPhase;
			buildActionMask = 2147483647;
			files = (
				B8CC3EBB160A208900EA7022 /* main.m in Sources */,
				B8CC3EBF160A208900EA7022 /* AppDelegate.m in Sources */,
				B8CC3EDC160A20FF00EA7022 /* ARController.m in Sources */,
				B8CC3EDD160A20FF00EA7022 /* ARCoordinate.m in Sources */,
				B8CC3EDE160A20FF00EA7022 /* ARGeoCoordinate.m in Sources */,
				B8CC3EDF160A20FF00EA7022 /* ARKit.m in Sources */,
				B8CC3EE0160A20FF00EA7022 /* ARMarkerView.m in Sources */,
				B8CC3EED160A211F00EA7022 /* ViewController.m in Sources */,
				B8CC3EEE160A211F00EA7022 /* MyARViewController.m in Sources */,
				B8CC3EF0160A211F00EA7022 /* MyMarkerView.m in Sources */,
				B8CC3EF1160A211F00EA7022 /* OverlayView.m in Sources */,
				B84639F3160A6E880008F319 /* IPInsetLabel.m in Sources */,
			);
			runOnlyForDeploymentPostprocessing = 0;
		};
/* End PBXSourcesBuildPhase section */

/* Begin PBXVariantGroup section */
		B8CC3EB7160A208900EA7022 /* InfoPlist.strings */ = {
			isa = PBXVariantGroup;
			children = (
				B8CC3EB8160A208900EA7022 /* en */,
			);
			name = InfoPlist.strings;
			sourceTree = "<group>";
		};
/* End PBXVariantGroup section */

/* Begin XCBuildConfiguration section */
		B8CC3EC6160A208900EA7022 /* Debug */ = {
			isa = XCBuildConfiguration;
			buildSettings = {
				ALWAYS_SEARCH_USER_PATHS = NO;
				ARCHS = "$(ARCHS_STANDARD_32_BIT)";
				CLANG_CXX_LANGUAGE_STANDARD = "gnu++0x";
				CLANG_ENABLE_OBJC_ARC = YES;
				CLANG_WARN__DUPLICATE_METHOD_MATCH = YES;
				"CODE_SIGN_IDENTITY[sdk=iphoneos*]" = "iPhone Developer: Yee Peng Chia (TUZY4Y74FK)";
				COPY_PHASE_STRIP = NO;
				GCC_C_LANGUAGE_STANDARD = gnu99;
				GCC_DYNAMIC_NO_PIC = NO;
				GCC_OPTIMIZATION_LEVEL = 0;
				GCC_PREPROCESSOR_DEFINITIONS = (
					"DEBUG=1",
					"$(inherited)",
				);
				GCC_SYMBOLS_PRIVATE_EXTERN = NO;
				GCC_VERSION = com.apple.compilers.llvm.clang.1_0;
				GCC_WARN_ABOUT_RETURN_TYPE = YES;
				GCC_WARN_UNINITIALIZED_AUTOS = YES;
				GCC_WARN_UNUSED_VARIABLE = YES;
				IPHONEOS_DEPLOYMENT_TARGET = 5.1;
				"PROVISIONING_PROFILE[sdk=iphoneos*]" = "A85A29F4-4BDC-4BA8-B799-6ABD9E5AF6FF";
				SDKROOT = iphoneos;
			};
			name = Debug;
		};
		B8CC3EC7160A208900EA7022 /* Release */ = {
			isa = XCBuildConfiguration;
			buildSettings = {
				ALWAYS_SEARCH_USER_PATHS = NO;
				ARCHS = "$(ARCHS_STANDARD_32_BIT)";
				CLANG_CXX_LANGUAGE_STANDARD = "gnu++0x";
				CLANG_ENABLE_OBJC_ARC = YES;
				CLANG_WARN__DUPLICATE_METHOD_MATCH = YES;
				"CODE_SIGN_IDENTITY[sdk=iphoneos*]" = "iPhone Developer";
				COPY_PHASE_STRIP = YES;
				GCC_C_LANGUAGE_STANDARD = gnu99;
				GCC_VERSION = com.apple.compilers.llvm.clang.1_0;
				GCC_WARN_ABOUT_RETURN_TYPE = YES;
				GCC_WARN_UNINITIALIZED_AUTOS = YES;
				GCC_WARN_UNUSED_VARIABLE = YES;
				IPHONEOS_DEPLOYMENT_TARGET = 5.1;
				OTHER_CFLAGS = "-DNS_BLOCK_ASSERTIONS=1";
				SDKROOT = iphoneos;
				VALIDATE_PRODUCT = YES;
			};
			name = Release;
		};
		B8CC3EC9160A208900EA7022 /* Debug */ = {
			isa = XCBuildConfiguration;
			buildSettings = {
				"CODE_SIGN_IDENTITY[sdk=iphoneos*]" = "iPhone Developer: Yee Peng Chia (TUZY4Y74FK)";
				GCC_PRECOMPILE_PREFIX_HEADER = YES;
				GCC_PREFIX_HEADER = "ARKitDemo2/ARKitDemo2-Prefix.pch";
				INFOPLIST_FILE = "ARKitDemo2/ARKitDemo2-Info.plist";
				PRODUCT_NAME = "$(TARGET_NAME)";
				"PROVISIONING_PROFILE[sdk=iphoneos*]" = "A85A29F4-4BDC-4BA8-B799-6ABD9E5AF6FF";
				WRAPPER_EXTENSION = app;
			};
			name = Debug;
		};
		B8CC3ECA160A208900EA7022 /* Release */ = {
			isa = XCBuildConfiguration;
			buildSettings = {
				GCC_PRECOMPILE_PREFIX_HEADER = YES;
				GCC_PREFIX_HEADER = "ARKitDemo2/ARKitDemo2-Prefix.pch";
				INFOPLIST_FILE = "ARKitDemo2/ARKitDemo2-Info.plist";
				PRODUCT_NAME = "$(TARGET_NAME)";
				WRAPPER_EXTENSION = app;
			};
			name = Release;
		};
/* End XCBuildConfiguration section */

/* Begin XCConfigurationList section */
		B8CC3EA4160A208900EA7022 /* Build configuration list for PBXProject "ARKitDemo2" */ = {
			isa = XCConfigurationList;
			buildConfigurations = (
				B8CC3EC6160A208900EA7022 /* Debug */,
				B8CC3EC7160A208900EA7022 /* Release */,
			);
			defaultConfigurationIsVisible = 0;
			defaultConfigurationName = Release;
		};
		B8CC3EC8160A208900EA7022 /* Build configuration list for PBXNativeTarget "ARKitDemo2" */ = {
			isa = XCConfigurationList;
			buildConfigurations = (
				B8CC3EC9160A208900EA7022 /* Debug */,
				B8CC3ECA160A208900EA7022 /* Release */,
			);
			defaultConfigurationIsVisible = 0;
			defaultConfigurationName = Release;
		};
/* End XCConfigurationList section */
	};
	rootObject = B8CC3EA1160A208900EA7022 /* Project object */;
}
