// !$*UTF8*$!
{
	archiveVersion = 1;
	classes = {
	};
	objectVersion = 45;
	objects = {

/* Begin PBXBuildFile section */
		8C6A8D1A11023F690053C976 /* ARCoordinate.h in Headers */ = {isa = PBXBuildFile; fileRef = 8C6A8D1411023F690053C976 /* ARCoordinate.h */; };
		8C6A8D1B11023F690053C976 /* ARCoordinate.m in Sources */ = {isa = PBXBuildFile; fileRef = 8C6A8D1511023F690053C976 /* ARCoordinate.m */; };
		8C6A8D1C11023F690053C976 /* ARGeoCoordinate.h in Headers */ = {isa = PBXBuildFile; fileRef = 8C6A8D1611023F690053C976 /* ARGeoCoordinate.h */; };
		8C6A8D1D11023F690053C976 /* ARGeoCoordinate.m in Sources */ = {isa = PBXBuildFile; fileRef = 8C6A8D1711023F690053C976 /* ARGeoCoordinate.m */; };
		8C6A8D1E11023F690053C976 /* AugmentedReality.h in Headers */ = {isa = PBXBuildFile; fileRef = 8C6A8D1811023F690053C976 /* AugmentedReality.h */; };
		8C6A8D1F11023F690053C976 /* AugmentedReality.m in Sources */ = {isa = PBXBuildFile; fileRef = 8C6A8D1911023F690053C976 /* AugmentedReality.m */; };
		8C6A8D3411023FAC0053C976 /* UIKit.framework in Frameworks */ = {isa = PBXBuildFile; fileRef = 8C6A8D3311023FAC0053C976 /* UIKit.framework */; };
		8C6A8D3811023FC80053C976 /* CoreLocation.framework in Frameworks */ = {isa = PBXBuildFile; fileRef = 8C6A8D3711023FC80053C976 /* CoreLocation.framework */; };
		8C6A8D3C11023FD80053C976 /* MapKit.framework in Frameworks */ = {isa = PBXBuildFile; fileRef = 8C6A8D3B11023FD80053C976 /* MapKit.framework */; };
		8C6A8E231102509B0053C976 /* ARViewController.m in Sources */ = {isa = PBXBuildFile; fileRef = 8C6A8E221102509B0053C976 /* ARViewController.m */; };
		8C6A8E25110250BE0053C976 /* ARViewController.h in Headers */ = {isa = PBXBuildFile; fileRef = 8C6A8E24110250BE0053C976 /* ARViewController.h */; };
		8C6A8E41110251400053C976 /* CoreGraphics.framework in Frameworks */ = {isa = PBXBuildFile; fileRef = 8C6A8E40110251400053C976 /* CoreGraphics.framework */; };
		8C6A8E811102537C0053C976 /* GEOLocations.h in Headers */ = {isa = PBXBuildFile; fileRef = 8C6A8E7F1102537C0053C976 /* GEOLocations.h */; };
		8C6A8E821102537C0053C976 /* GEOLocations.m in Sources */ = {isa = PBXBuildFile; fileRef = 8C6A8E801102537C0053C976 /* GEOLocations.m */; };
		8C6A8E8B1102546E0053C976 /* CoordinateView.h in Headers */ = {isa = PBXBuildFile; fileRef = 8C6A8E891102546E0053C976 /* CoordinateView.h */; };
		8C6A8E8C1102546E0053C976 /* CoordinateView.m in Sources */ = {isa = PBXBuildFile; fileRef = 8C6A8E8A1102546E0053C976 /* CoordinateView.m */; };
		AA747D9F0F9514B9006C5449 /* iPhoneAugmentedRealityLib_Prefix.pch in Headers */ = {isa = PBXBuildFile; fileRef = AA747D9E0F9514B9006C5449 /* iPhoneAugmentedRealityLib_Prefix.pch */; };
		AACBBE4A0F95108600F1A2B1 /* Foundation.framework in Frameworks */ = {isa = PBXBuildFile; fileRef = AACBBE490F95108600F1A2B1 /* Foundation.framework */; };
/* End PBXBuildFile section */

/* Begin PBXFileReference section */
		8C6A8D1411023F690053C976 /* ARCoordinate.h */ = {isa = PBXFileReference; fileEncoding = 4; lastKnownFileType = sourcecode.c.h; path = ARCoordinate.h; sourceTree = "<group>"; };
		8C6A8D1511023F690053C976 /* ARCoordinate.m */ = {isa = PBXFileReference; fileEncoding = 4; lastKnownFileType = sourcecode.c.objc; path = ARCoordinate.m; sourceTree = "<group>"; };
		8C6A8D1611023F690053C976 /* ARGeoCoordinate.h */ = {isa = PBXFileReference; fileEncoding = 4; lastKnownFileType = sourcecode.c.h; path = ARGeoCoordinate.h; sourceTree = "<group>"; };
		8C6A8D1711023F690053C976 /* ARGeoCoordinate.m */ = {isa = PBXFileReference; fileEncoding = 4; lastKnownFileType = sourcecode.c.objc; path = ARGeoCoordinate.m; sourceTree = "<group>"; };
		8C6A8D1811023F690053C976 /* AugmentedReality.h */ = {isa = PBXFileReference; fileEncoding = 4; lastKnownFileType = sourcecode.c.h; path = AugmentedReality.h; sourceTree = "<group>"; };
		8C6A8D1911023F690053C976 /* AugmentedReality.m */ = {isa = PBXFileReference; fileEncoding = 4; lastKnownFileType = sourcecode.c.objc; path = AugmentedReality.m; sourceTree = "<group>"; };
		8C6A8D3311023FAC0053C976 /* UIKit.framework */ = {isa = PBXFileReference; lastKnownFileType = wrapper.framework; name = UIKit.framework; path = System/Library/Frameworks/UIKit.framework; sourceTree = SDKROOT; };
		8C6A8D3711023FC80053C976 /* CoreLocation.framework */ = {isa = PBXFileReference; lastKnownFileType = wrapper.framework; name = CoreLocation.framework; path = System/Library/Frameworks/CoreLocation.framework; sourceTree = SDKROOT; };
		8C6A8D3B11023FD80053C976 /* MapKit.framework */ = {isa = PBXFileReference; lastKnownFileType = wrapper.framework; name = MapKit.framework; path = System/Library/Frameworks/MapKit.framework; sourceTree = SDKROOT; };
		8C6A8E221102509B0053C976 /* ARViewController.m */ = {isa = PBXFileReference; fileEncoding = 4; lastKnownFileType = sourcecode.c.objc; path = ARViewController.m; sourceTree = "<group>"; };
		8C6A8E24110250BE0053C976 /* ARViewController.h */ = {isa = PBXFileReference; fileEncoding = 4; lastKnownFileType = sourcecode.c.h; path = ARViewController.h; sourceTree = "<group>"; };
		8C6A8E40110251400053C976 /* CoreGraphics.framework */ = {isa = PBXFileReference; lastKnownFileType = wrapper.framework; name = CoreGraphics.framework; path = System/Library/Frameworks/CoreGraphics.framework; sourceTree = SDKROOT; };
		8C6A8E7F1102537C0053C976 /* GEOLocations.h */ = {isa = PBXFileReference; fileEncoding = 4; lastKnownFileType = sourcecode.c.h; path = GEOLocations.h; sourceTree = "<group>"; };
		8C6A8E801102537C0053C976 /* GEOLocations.m */ = {isa = PBXFileReference; fileEncoding = 4; lastKnownFileType = sourcecode.c.objc; path = GEOLocations.m; sourceTree = "<group>"; };
		8C6A8E891102546E0053C976 /* CoordinateView.h */ = {isa = PBXFileReference; fileEncoding = 4; lastKnownFileType = sourcecode.c.h; path = CoordinateView.h; sourceTree = "<group>"; };
		8C6A8E8A1102546E0053C976 /* CoordinateView.m */ = {isa = PBXFileReference; fileEncoding = 4; lastKnownFileType = sourcecode.c.objc; path = CoordinateView.m; sourceTree = "<group>"; };
		AA747D9E0F9514B9006C5449 /* iPhoneAugmentedRealityLib_Prefix.pch */ = {isa = PBXFileReference; fileEncoding = 4; lastKnownFileType = sourcecode.c.h; path = iPhoneAugmentedRealityLib_Prefix.pch; sourceTree = SOURCE_ROOT; };
		AACBBE490F95108600F1A2B1 /* Foundation.framework */ = {isa = PBXFileReference; lastKnownFileType = wrapper.framework; name = Foundation.framework; path = System/Library/Frameworks/Foundation.framework; sourceTree = SDKROOT; };
		D2AAC07E0554694100DB518D /* libiPhoneAugmentedRealityLib.a */ = {isa = PBXFileReference; explicitFileType = archive.ar; includeInIndex = 0; path = libiPhoneAugmentedRealityLib.a; sourceTree = BUILT_PRODUCTS_DIR; };
/* End PBXFileReference section */

/* Begin PBXFrameworksBuildPhase section */
		D2AAC07C0554694100DB518D /* Frameworks */ = {
			isa = PBXFrameworksBuildPhase;
			buildActionMask = 2147483647;
			files = (
				AACBBE4A0F95108600F1A2B1 /* Foundation.framework in Frameworks */,
				8C6A8D3411023FAC0053C976 /* UIKit.framework in Frameworks */,
				8C6A8D3811023FC80053C976 /* CoreLocation.framework in Frameworks */,
				8C6A8D3C11023FD80053C976 /* MapKit.framework in Frameworks */,
				8C6A8E41110251400053C976 /* CoreGraphics.framework in Frameworks */,
			);
			runOnlyForDeploymentPostprocessing = 0;
		};
/* End PBXFrameworksBuildPhase section */

/* Begin PBXGroup section */
		034768DFFF38A50411DB9C8B /* Products */ = {
			isa = PBXGroup;
			children = (
				D2AAC07E0554694100DB518D /* libiPhoneAugmentedRealityLib.a */,
			);
			name = Products;
			sourceTree = "<group>";
		};
		0867D691FE84028FC02AAC07 /* iPhoneAugmentedRealityLib */ = {
			isa = PBXGroup;
			children = (
				08FB77AEFE84172EC02AAC07 /* Classes */,
				32C88DFF0371C24200C91783 /* Other Sources */,
				0867D69AFE84028FC02AAC07 /* Frameworks */,
				034768DFFF38A50411DB9C8B /* Products */,
			);
			name = iPhoneAugmentedRealityLib;
			sourceTree = "<group>";
		};
		0867D69AFE84028FC02AAC07 /* Frameworks */ = {
			isa = PBXGroup;
			children = (
				AACBBE490F95108600F1A2B1 /* Foundation.framework */,
				8C6A8D3311023FAC0053C976 /* UIKit.framework */,
				8C6A8D3711023FC80053C976 /* CoreLocation.framework */,
				8C6A8D3B11023FD80053C976 /* MapKit.framework */,
				8C6A8E40110251400053C976 /* CoreGraphics.framework */,
			);
			name = Frameworks;
			sourceTree = "<group>";
		};
		08FB77AEFE84172EC02AAC07 /* Classes */ = {
			isa = PBXGroup;
			children = (
				8C6A8E881102544F0053C976 /* Views */,
				8C6A8E87110253C30053C976 /* CoordinateObjects */,
				8C6A8E7E110253660053C976 /* Data Objects */,
				8C6A8E1C110250610053C976 /* AugmentedViewController */,
				8C6A8D1811023F690053C976 /* AugmentedReality.h */,
				8C6A8D1911023F690053C976 /* AugmentedReality.m */,
			);
			name = Classes;
			sourceTree = "<group>";
		};
		32C88DFF0371C24200C91783 /* Other Sources */ = {
			isa = PBXGroup;
			children = (
				AA747D9E0F9514B9006C5449 /* iPhoneAugmentedRealityLib_Prefix.pch */,
			);
			name = "Other Sources";
			sourceTree = "<group>";
		};
		8C6A8E1C110250610053C976 /* AugmentedViewController */ = {
			isa = PBXGroup;
			children = (
				8C6A8E24110250BE0053C976 /* ARViewController.h */,
				8C6A8E221102509B0053C976 /* ARViewController.m */,
			);
			name = AugmentedViewController;
			sourceTree = "<group>";
		};
		8C6A8E7E110253660053C976 /* Data Objects */ = {
			isa = PBXGroup;
			children = (
				8C6A8E7F1102537C0053C976 /* GEOLocations.h */,
				8C6A8E801102537C0053C976 /* GEOLocations.m */,
			);
			name = "Data Objects";
			sourceTree = "<group>";
		};
		8C6A8E87110253C30053C976 /* CoordinateObjects */ = {
			isa = PBXGroup;
			children = (
				8C6A8D1411023F690053C976 /* ARCoordinate.h */,
				8C6A8D1511023F690053C976 /* ARCoordinate.m */,
				8C6A8D1611023F690053C976 /* ARGeoCoordinate.h */,
				8C6A8D1711023F690053C976 /* ARGeoCoordinate.m */,
			);
			name = CoordinateObjects;
			sourceTree = "<group>";
		};
		8C6A8E881102544F0053C976 /* Views */ = {
			isa = PBXGroup;
			children = (
				8C6A8E891102546E0053C976 /* CoordinateView.h */,
				8C6A8E8A1102546E0053C976 /* CoordinateView.m */,
			);
			name = Views;
			sourceTree = "<group>";
		};
/* End PBXGroup section */

/* Begin PBXHeadersBuildPhase section */
		D2AAC07A0554694100DB518D /* Headers */ = {
			isa = PBXHeadersBuildPhase;
			buildActionMask = 2147483647;
			files = (
				AA747D9F0F9514B9006C5449 /* iPhoneAugmentedRealityLib_Prefix.pch in Headers */,
				8C6A8D1A11023F690053C976 /* ARCoordinate.h in Headers */,
				8C6A8D1C11023F690053C976 /* ARGeoCoordinate.h in Headers */,
				8C6A8D1E11023F690053C976 /* AugmentedReality.h in Headers */,
				8C6A8E25110250BE0053C976 /* ARViewController.h in Headers */,
				8C6A8E811102537C0053C976 /* GEOLocations.h in Headers */,
				8C6A8E8B1102546E0053C976 /* CoordinateView.h in Headers */,
			);
			runOnlyForDeploymentPostprocessing = 0;
		};
/* End PBXHeadersBuildPhase section */

/* Begin PBXNativeTarget section */
		D2AAC07D0554694100DB518D /* iPhoneAugmentedRealityLib */ = {
			isa = PBXNativeTarget;
			buildConfigurationList = 1DEB921E08733DC00010E9CD /* Build configuration list for PBXNativeTarget "iPhoneAugmentedRealityLib" */;
			buildPhases = (
				D2AAC07A0554694100DB518D /* Headers */,
				D2AAC07B0554694100DB518D /* Sources */,
				D2AAC07C0554694100DB518D /* Frameworks */,
			);
			buildRules = (
			);
			dependencies = (
			);
			name = iPhoneAugmentedRealityLib;
			productName = iPhoneAugmentedRealityLib;
			productReference = D2AAC07E0554694100DB518D /* libiPhoneAugmentedRealityLib.a */;
			productType = "com.apple.product-type.library.static";
		};
/* End PBXNativeTarget section */

/* Begin PBXProject section */
		0867D690FE84028FC02AAC07 /* Project object */ = {
			isa = PBXProject;
			buildConfigurationList = 1DEB922208733DC00010E9CD /* Build configuration list for PBXProject "iPhoneAugmentedRealityLib" */;
			compatibilityVersion = "Xcode 3.1";
			hasScannedForEncodings = 1;
			mainGroup = 0867D691FE84028FC02AAC07 /* iPhoneAugmentedRealityLib */;
			productRefGroup = 034768DFFF38A50411DB9C8B /* Products */;
			projectDirPath = "";
			projectRoot = "";
			targets = (
				D2AAC07D0554694100DB518D /* iPhoneAugmentedRealityLib */,
			);
		};
/* End PBXProject section */

/* Begin PBXSourcesBuildPhase section */
		D2AAC07B0554694100DB518D /* Sources */ = {
			isa = PBXSourcesBuildPhase;
			buildActionMask = 2147483647;
			files = (
				8C6A8D1B11023F690053C976 /* ARCoordinate.m in Sources */,
				8C6A8D1D11023F690053C976 /* ARGeoCoordinate.m in Sources */,
				8C6A8D1F11023F690053C976 /* AugmentedReality.m in Sources */,
				8C6A8E231102509B0053C976 /* ARViewController.m in Sources */,
				8C6A8E821102537C0053C976 /* GEOLocations.m in Sources */,
				8C6A8E8C1102546E0053C976 /* CoordinateView.m in Sources */,
			);
			runOnlyForDeploymentPostprocessing = 0;
		};
/* End PBXSourcesBuildPhase section */

/* Begin XCBuildConfiguration section */
		1DEB921F08733DC00010E9CD /* Debug */ = {
			isa = XCBuildConfiguration;
			buildSettings = {
				ALWAYS_SEARCH_USER_PATHS = NO;
				ARCHS = "$(ARCHS_STANDARD_32_BIT)";
				COPY_PHASE_STRIP = NO;
				DSTROOT = /tmp/iPhoneAugmentedRealityLib.dst;
				GCC_DYNAMIC_NO_PIC = NO;
				GCC_ENABLE_FIX_AND_CONTINUE = YES;
				GCC_MODEL_TUNING = G5;
				GCC_OPTIMIZATION_LEVEL = 0;
				GCC_PRECOMPILE_PREFIX_HEADER = YES;
				GCC_PREFIX_HEADER = iPhoneAugmentedRealityLib_Prefix.pch;
				INSTALL_PATH = /usr/local/lib;
				PRODUCT_NAME = iPhoneAugmentedRealityLib;
			};
			name = Debug;
		};
		1DEB922008733DC00010E9CD /* Release */ = {
			isa = XCBuildConfiguration;
			buildSettings = {
				ALWAYS_SEARCH_USER_PATHS = NO;
				ARCHS = "$(ARCHS_STANDARD_32_BIT)";
				DSTROOT = /tmp/iPhoneAugmentedRealityLib.dst;
				GCC_MODEL_TUNING = G5;
				GCC_PRECOMPILE_PREFIX_HEADER = YES;
				GCC_PREFIX_HEADER = iPhoneAugmentedRealityLib_Prefix.pch;
				INSTALL_PATH = /usr/local/lib;
				PRODUCT_NAME = iPhoneAugmentedRealityLib;
			};
			name = Release;
		};
		1DEB922308733DC00010E9CD /* Debug */ = {
			isa = XCBuildConfiguration;
			buildSettings = {
				ARCHS = "$(ARCHS_STANDARD_32_BIT)";
				GCC_C_LANGUAGE_STANDARD = c99;
				GCC_OPTIMIZATION_LEVEL = 0;
				GCC_WARN_ABOUT_RETURN_TYPE = YES;
				GCC_WARN_UNUSED_VARIABLE = YES;
				OTHER_LDFLAGS = "-ObjC";
				PREBINDING = NO;
				SDKROOT = iphoneos3.1.2;
			};
			name = Debug;
		};
		1DEB922408733DC00010E9CD /* Release */ = {
			isa = XCBuildConfiguration;
			buildSettings = {
				ARCHS = "$(ARCHS_STANDARD_32_BIT)";
				GCC_C_LANGUAGE_STANDARD = c99;
				GCC_WARN_ABOUT_RETURN_TYPE = YES;
				GCC_WARN_UNUSED_VARIABLE = YES;
				OTHER_LDFLAGS = "-ObjC";
				PREBINDING = NO;
				SDKROOT = iphoneos3.1.2;
			};
			name = Release;
		};
/* End XCBuildConfiguration section */

/* Begin XCConfigurationList section */
		1DEB921E08733DC00010E9CD /* Build configuration list for PBXNativeTarget "iPhoneAugmentedRealityLib" */ = {
			isa = XCConfigurationList;
			buildConfigurations = (
				1DEB921F08733DC00010E9CD /* Debug */,
				1DEB922008733DC00010E9CD /* Release */,
			);
			defaultConfigurationIsVisible = 0;
			defaultConfigurationName = Release;
		};
		1DEB922208733DC00010E9CD /* Build configuration list for PBXProject "iPhoneAugmentedRealityLib" */ = {
			isa = XCConfigurationList;
			buildConfigurations = (
				1DEB922308733DC00010E9CD /* Debug */,
				1DEB922408733DC00010E9CD /* Release */,
			);
			defaultConfigurationIsVisible = 0;
			defaultConfigurationName = Release;
		};
/* End XCConfigurationList section */
	};
	rootObject = 0867D690FE84028FC02AAC07 /* Project object */;
}
